
Microsoft Visual Studio Solution File, Format Version 12.00
# Visual Studio 2013
VisualStudioVersion = 12.0.20827.3
MinimumVisualStudioVersion = 10.0.40219.1
Project("{FAE04EC0-301F-11D3-BF4B-00C04F79EFBC}") = "DoorComp.Common", "DoorComp.Common\DoorComp.Common.csproj", "{D5F324F2-D67B-4F27-97D8-EEB0E74694C1}"
EndProject
Project("{FAE04EC0-301F-11D3-BF4B-00C04F79EFBC}") = "FlickrSource", "FlickrSource\FlickrSource.csproj", "{7C31FC94-1EC7-4300-9B49-8A61605D9A52}"
EndProject
Project("{FAE04EC0-301F-11D3-BF4B-00C04F79EFBC}") = "FlickrSource.Tests", "FlickrSource.Tests\FlickrSource.Tests.csproj", "{B437B676-0E3F-499C-9064-688E8EF9A388}"
EndProject
Project("{FAE04EC0-301F-11D3-BF4B-00C04F79EFBC}") = "DoorComp.Front", "DoorComp.Front\DoorComp.Front.csproj", "{C4301827-E49B-4B6A-9B35-BBA119F0F0E4}"
	ProjectSection(ProjectDependencies) = postProject
		{B450DD10-8C6F-400A-9573-6A7F4E0F1506} = {B450DD10-8C6F-400A-9573-6A7F4E0F1506}
		{C4421024-BD32-45CD-A2D9-BD96080719DC} = {C4421024-BD32-45CD-A2D9-BD96080719DC}
		{EC0C8A49-EF44-4E22-BFB5-D9758CE6E32E} = {EC0C8A49-EF44-4E22-BFB5-D9758CE6E32E}
		{FA1D9791-6588-49B9-9DAD-D192CC343D7C} = {FA1D9791-6588-49B9-9DAD-D192CC343D7C}
		{7C31FC94-1EC7-4300-9B49-8A61605D9A52} = {7C31FC94-1EC7-4300-9B49-8A61605D9A52}
		{74476CC6-6A92-406B-8F74-C56408A88E19} = {74476CC6-6A92-406B-8F74-C56408A88E19}
		{663739E7-7B4B-4510-8048-C6444504384D} = {663739E7-7B4B-4510-8048-C6444504384D}
		{DF0E5FF6-0914-4DDB-89EA-028BBD23943A} = {DF0E5FF6-0914-4DDB-89EA-028BBD23943A}
	EndProjectSection
EndProject
Project("{FAE04EC0-301F-11D3-BF4B-00C04F79EFBC}") = "DoorComp.Contract.PCL", "DoorComp.Contract.PCL\DoorComp.Contract.PCL.csproj", "{7EEBA4F2-5AA6-4A7C-B23B-C5ED132F6C4F}"
EndProject
Project("{FAE04EC0-301F-11D3-BF4B-00C04F79EFBC}") = "DoorComp.Common.PCL", "DoorComp.Common.PCL\DoorComp.Common.PCL.csproj", "{51D9FEF7-9C58-4325-B082-8CEAB918EC79}"
EndProject
Project("{FAE04EC0-301F-11D3-BF4B-00C04F79EFBC}") = "DoorComp.Contract", "DoorComp.Contract\DoorComp.Contract.csproj", "{54C16965-DBE7-4EAB-8849-C09DE3F12020}"
EndProject
Project("{FAE04EC0-301F-11D3-BF4B-00C04F79EFBC}") = "EventSource.Mock", "EventSource.Mock\EventSource.Mock.csproj", "{FA1D9791-6588-49B9-9DAD-D192CC343D7C}"
EndProject
Project("{FAE04EC0-301F-11D3-BF4B-00C04F79EFBC}") = "VoteSource.Mock", "VoteSource.Mock\VoteSource.Mock.csproj", "{663739E7-7B4B-4510-8048-C6444504384D}"
EndProject
Project("{FAE04EC0-301F-11D3-BF4B-00C04F79EFBC}") = "PictureSource.Mock", "PictureSource.Mock\PictureSource.Mock.csproj", "{DF0E5FF6-0914-4DDB-89EA-028BBD23943A}"
EndProject
Project("{FAE04EC0-301F-11D3-BF4B-00C04F79EFBC}") = "ClaimSource.Mock", "ClaimSource.Mock\ClaimSource.Mock.csproj", "{61ADD6A8-3683-43B1-85C1-9F14FD2F78AB}"
EndProject
Project("{FAE04EC0-301F-11D3-BF4B-00C04F79EFBC}") = "DoorSource.SQLite", "DoorSource.SQLite\DoorSource.SQLite.csproj", "{C4421024-BD32-45CD-A2D9-BD96080719DC}"
EndProject
Project("{FAE04EC0-301F-11D3-BF4B-00C04F79EFBC}") = "DoorSource.SQLite.Tests", "DoorSource.SQLite.Tests\DoorSource.SQLite.Tests.csproj", "{490004B6-4098-4868-A0FE-999FAD2D1A81}"
EndProject
Project("{FAE04EC0-301F-11D3-BF4B-00C04F79EFBC}") = "EventSource.SQLite", "EventSource.SQLite\EventSource.SQLite.csproj", "{EC0C8A49-EF44-4E22-BFB5-D9758CE6E32E}"
EndProject
Project("{FAE04EC0-301F-11D3-BF4B-00C04F79EFBC}") = "ClaimSource.SQL", "ClaimSource.SQL\ClaimSource.SQL.csproj", "{74476CC6-6A92-406B-8F74-C56408A88E19}"
EndProject
Project("{FAE04EC0-301F-11D3-BF4B-00C04F79EFBC}") = "VoteSource.SQL", "VoteSource.SQL\VoteSource.SQL.csproj", "{B450DD10-8C6F-400A-9573-6A7F4E0F1506}"
EndProject
Global
	GlobalSection(SolutionConfigurationPlatforms) = preSolution
		Debug|Any CPU = Debug|Any CPU
		Release|Any CPU = Release|Any CPU
	EndGlobalSection
	GlobalSection(ProjectConfigurationPlatforms) = postSolution
		{D5F324F2-D67B-4F27-97D8-EEB0E74694C1}.Debug|Any CPU.ActiveCfg = Debug|Any CPU
		{D5F324F2-D67B-4F27-97D8-EEB0E74694C1}.Debug|Any CPU.Build.0 = Debug|Any CPU
		{D5F324F2-D67B-4F27-97D8-EEB0E74694C1}.Release|Any CPU.ActiveCfg = Release|Any CPU
		{D5F324F2-D67B-4F27-97D8-EEB0E74694C1}.Release|Any CPU.Build.0 = Release|Any CPU
		{7C31FC94-1EC7-4300-9B49-8A61605D9A52}.Debug|Any CPU.ActiveCfg = Debug|Any CPU
		{7C31FC94-1EC7-4300-9B49-8A61605D9A52}.Debug|Any CPU.Build.0 = Debug|Any CPU
		{7C31FC94-1EC7-4300-9B49-8A61605D9A52}.Release|Any CPU.ActiveCfg = Release|Any CPU
		{7C31FC94-1EC7-4300-9B49-8A61605D9A52}.Release|Any CPU.Build.0 = Release|Any CPU
		{B437B676-0E3F-499C-9064-688E8EF9A388}.Debug|Any CPU.ActiveCfg = Debug|Any CPU
		{B437B676-0E3F-499C-9064-688E8EF9A388}.Debug|Any CPU.Build.0 = Debug|Any CPU
		{B437B676-0E3F-499C-9064-688E8EF9A388}.Release|Any CPU.ActiveCfg = Release|Any CPU
		{B437B676-0E3F-499C-9064-688E8EF9A388}.Release|Any CPU.Build.0 = Release|Any CPU
		{C4301827-E49B-4B6A-9B35-BBA119F0F0E4}.Debug|Any CPU.ActiveCfg = Debug|Any CPU
		{C4301827-E49B-4B6A-9B35-BBA119F0F0E4}.Debug|Any CPU.Build.0 = Debug|Any CPU
		{C4301827-E49B-4B6A-9B35-BBA119F0F0E4}.Release|Any CPU.ActiveCfg = Release|Any CPU
		{C4301827-E49B-4B6A-9B35-BBA119F0F0E4}.Release|Any CPU.Build.0 = Release|Any CPU
		{7EEBA4F2-5AA6-4A7C-B23B-C5ED132F6C4F}.Debug|Any CPU.ActiveCfg = Debug|Any CPU
		{7EEBA4F2-5AA6-4A7C-B23B-C5ED132F6C4F}.Debug|Any CPU.Build.0 = Debug|Any CPU
		{7EEBA4F2-5AA6-4A7C-B23B-C5ED132F6C4F}.Release|Any CPU.ActiveCfg = Release|Any CPU
		{7EEBA4F2-5AA6-4A7C-B23B-C5ED132F6C4F}.Release|Any CPU.Build.0 = Release|Any CPU
		{51D9FEF7-9C58-4325-B082-8CEAB918EC79}.Debug|Any CPU.ActiveCfg = Debug|Any CPU
		{51D9FEF7-9C58-4325-B082-8CEAB918EC79}.Debug|Any CPU.Build.0 = Debug|Any CPU
		{51D9FEF7-9C58-4325-B082-8CEAB918EC79}.Release|Any CPU.ActiveCfg = Release|Any CPU
		{51D9FEF7-9C58-4325-B082-8CEAB918EC79}.Release|Any CPU.Build.0 = Release|Any CPU
		{54C16965-DBE7-4EAB-8849-C09DE3F12020}.Debug|Any CPU.ActiveCfg = Debug|Any CPU
		{54C16965-DBE7-4EAB-8849-C09DE3F12020}.Debug|Any CPU.Build.0 = Debug|Any CPU
		{54C16965-DBE7-4EAB-8849-C09DE3F12020}.Release|Any CPU.ActiveCfg = Release|Any CPU
		{54C16965-DBE7-4EAB-8849-C09DE3F12020}.Release|Any CPU.Build.0 = Release|Any CPU
		{FA1D9791-6588-49B9-9DAD-D192CC343D7C}.Debug|Any CPU.ActiveCfg = Debug|Any CPU
		{FA1D9791-6588-49B9-9DAD-D192CC343D7C}.Debug|Any CPU.Build.0 = Debug|Any CPU
		{FA1D9791-6588-49B9-9DAD-D192CC343D7C}.Release|Any CPU.ActiveCfg = Release|Any CPU
		{FA1D9791-6588-49B9-9DAD-D192CC343D7C}.Release|Any CPU.Build.0 = Release|Any CPU
		{663739E7-7B4B-4510-8048-C6444504384D}.Debug|Any CPU.ActiveCfg = Debug|Any CPU
		{663739E7-7B4B-4510-8048-C6444504384D}.Debug|Any CPU.Build.0 = Debug|Any CPU
		{663739E7-7B4B-4510-8048-C6444504384D}.Release|Any CPU.ActiveCfg = Release|Any CPU
		{663739E7-7B4B-4510-8048-C6444504384D}.Release|Any CPU.Build.0 = Release|Any CPU
		{DF0E5FF6-0914-4DDB-89EA-028BBD23943A}.Debug|Any CPU.ActiveCfg = Debug|Any CPU
		{DF0E5FF6-0914-4DDB-89EA-028BBD23943A}.Debug|Any CPU.Build.0 = Debug|Any CPU
		{DF0E5FF6-0914-4DDB-89EA-028BBD23943A}.Release|Any CPU.ActiveCfg = Release|Any CPU
		{DF0E5FF6-0914-4DDB-89EA-028BBD23943A}.Release|Any CPU.Build.0 = Release|Any CPU
		{61ADD6A8-3683-43B1-85C1-9F14FD2F78AB}.Debug|Any CPU.ActiveCfg = Debug|Any CPU
		{61ADD6A8-3683-43B1-85C1-9F14FD2F78AB}.Debug|Any CPU.Build.0 = Debug|Any CPU
		{61ADD6A8-3683-43B1-85C1-9F14FD2F78AB}.Release|Any CPU.ActiveCfg = Release|Any CPU
		{61ADD6A8-3683-43B1-85C1-9F14FD2F78AB}.Release|Any CPU.Build.0 = Release|Any CPU
		{C4421024-BD32-45CD-A2D9-BD96080719DC}.Debug|Any CPU.ActiveCfg = Debug|Any CPU
		{C4421024-BD32-45CD-A2D9-BD96080719DC}.Debug|Any CPU.Build.0 = Debug|Any CPU
		{C4421024-BD32-45CD-A2D9-BD96080719DC}.Release|Any CPU.ActiveCfg = Release|Any CPU
		{C4421024-BD32-45CD-A2D9-BD96080719DC}.Release|Any CPU.Build.0 = Release|Any CPU
		{490004B6-4098-4868-A0FE-999FAD2D1A81}.Debug|Any CPU.ActiveCfg = Debug|Any CPU
		{490004B6-4098-4868-A0FE-999FAD2D1A81}.Debug|Any CPU.Build.0 = Debug|Any CPU
		{490004B6-4098-4868-A0FE-999FAD2D1A81}.Release|Any CPU.ActiveCfg = Release|Any CPU
		{490004B6-4098-4868-A0FE-999FAD2D1A81}.Release|Any CPU.Build.0 = Release|Any CPU
		{EC0C8A49-EF44-4E22-BFB5-D9758CE6E32E}.Debug|Any CPU.ActiveCfg = Debug|Any CPU
		{EC0C8A49-EF44-4E22-BFB5-D9758CE6E32E}.Debug|Any CPU.Build.0 = Debug|Any CPU
		{EC0C8A49-EF44-4E22-BFB5-D9758CE6E32E}.Release|Any CPU.ActiveCfg = Release|Any CPU
		{EC0C8A49-EF44-4E22-BFB5-D9758CE6E32E}.Release|Any CPU.Build.0 = Release|Any CPU
		{74476CC6-6A92-406B-8F74-C56408A88E19}.Debug|Any CPU.ActiveCfg = Debug|Any CPU
		{74476CC6-6A92-406B-8F74-C56408A88E19}.Debug|Any CPU.Build.0 = Debug|Any CPU
		{74476CC6-6A92-406B-8F74-C56408A88E19}.Release|Any CPU.ActiveCfg = Release|Any CPU
		{74476CC6-6A92-406B-8F74-C56408A88E19}.Release|Any CPU.Build.0 = Release|Any CPU
		{B450DD10-8C6F-400A-9573-6A7F4E0F1506}.Debug|Any CPU.ActiveCfg = Debug|Any CPU
		{B450DD10-8C6F-400A-9573-6A7F4E0F1506}.Debug|Any CPU.Build.0 = Debug|Any CPU
		{B450DD10-8C6F-400A-9573-6A7F4E0F1506}.Release|Any CPU.ActiveCfg = Release|Any CPU
		{B450DD10-8C6F-400A-9573-6A7F4E0F1506}.Release|Any CPU.Build.0 = Release|Any CPU
	EndGlobalSection
	GlobalSection(SolutionProperties) = preSolution
		HideSolutionNode = FALSE
	EndGlobalSection
EndGlobal
